
Microsoft Visual Studio Solution File, Format Version 12.00
# Visual Studio Version 17
VisualStudioVersion = 17.8.34330.188
MinimumVisualStudioVersion = 10.0.40219.1
Project("{FAE04EC0-301F-11D3-BF4B-00C04F79EFBC}") = "RecordSystemAudio", "RecordSystemAudio\RecordSystemAudio.csproj", "{E93BD97D-D175-46B2-8D6A-E1BB76DD6F37}"
EndProject
Global
	GlobalSection(SolutionConfigurationPlatforms) = preSolution
		Debug|Any CPU = Debug|Any CPU
		Release|Any CPU = Release|Any CPU
	EndGlobalSection
	GlobalSection(ProjectConfigurationPlatforms) = postSolution
		{E93BD97D-D175-46B2-8D6A-E1BB76DD6F37}.Debug|Any CPU.ActiveCfg = Debug|Any CPU
		{E93BD97D-D175-46B2-8D6A-E1BB76DD6F37}.Debug|Any CPU.Build.0 = Debug|Any CPU
		{E93BD97D-D175-46B2-8D6A-E1BB76DD6F37}.Release|Any CPU.ActiveCfg = Release|Any CPU
		{E93BD97D-D175-46B2-8D6A-E1BB76DD6F37}.Release|Any CPU.Build.0 = Release|Any CPU
	EndGlobalSection
	GlobalSection(SolutionProperties) = preSolution
		HideSolutionNode = FALSE
	EndGlobalSection
	GlobalSection(ExtensibilityGlobals) = postSolution
		SolutionGuid = {A305923F-DF80-41BA-B4D8-EBDCACAAC003}
	EndGlobalSection
EndGlobal
